
Microsoft Visual Studio Solution File, Format Version 12.00
# Visual Studio Version 17
VisualStudioVersion = 17.3.32929.385
MinimumVisualStudioVersion = 10.0.40219.1
Project("{FAE04EC0-301F-11D3-BF4B-00C04F79EFBC}") = "Windows11OldCMenuSetter", "Windows11OldCMenuSetter\Windows11OldCMenuSetter.csproj", "{FEF8D72C-CA34-4708-8DAB-D2B3D5798C4F}"
EndProject
Global
	GlobalSection(SolutionConfigurationPlatforms) = preSolution
		Debug|Any CPU = Debug|Any CPU
		Release|Any CPU = Release|Any CPU
	EndGlobalSection
	GlobalSection(ProjectConfigurationPlatforms) = postSolution
		{FEF8D72C-CA34-4708-8DAB-D2B3D5798C4F}.Debug|Any CPU.ActiveCfg = Debug|Any CPU
		{FEF8D72C-CA34-4708-8DAB-D2B3D5798C4F}.Debug|Any CPU.Build.0 = Debug|Any CPU
		{FEF8D72C-CA34-4708-8DAB-D2B3D5798C4F}.Release|Any CPU.ActiveCfg = Release|Any CPU
		{FEF8D72C-CA34-4708-8DAB-D2B3D5798C4F}.Release|Any CPU.Build.0 = Release|Any CPU
	EndGlobalSection
	GlobalSection(SolutionProperties) = preSolution
		HideSolutionNode = FALSE
	EndGlobalSection
	GlobalSection(ExtensibilityGlobals) = postSolution
		SolutionGuid = {BA84F55B-ECE0-49A5-959E-3F1D6E2741A0}
	EndGlobalSection
EndGlobal
